
Microsoft Visual Studio Solution File, Format Version 12.00
# Visual Studio 15
VisualStudioVersion = 15.0.28010.2046
MinimumVisualStudioVersion = 10.0.40219.1
Project("{FAE04EC0-301F-11D3-BF4B-00C04F79EFBC}") = "Epam.Task2.Rectangle", "Epam.Task2\Epam.Task2.Rectangle.csproj", "{2B8D8D03-94B7-4D6E-BE5F-671B9DE04AFB}"
EndProject
Project("{FAE04EC0-301F-11D3-BF4B-00C04F79EFBC}") = "Epam.Task2.Triangle", "Epam.Task2.Triangle\Epam.Task2.Triangle.csproj", "{60D54FD8-2F34-452D-8955-9B54A8C40E8F}"
EndProject
Project("{FAE04EC0-301F-11D3-BF4B-00C04F79EFBC}") = "Epam.Task2.AnotherTriangle", "Epam.Task2.AnotherTriangle\Epam.Task2.AnotherTriangle.csproj", "{C6E7EA0C-9654-444F-9FD4-2A9E358184CA}"
EndProject
Project("{FAE04EC0-301F-11D3-BF4B-00C04F79EFBC}") = "Epam.Task2.XmasTree", "Epam.Task2.XmasTree\Epam.Task2.XmasTree.csproj", "{ED4980A7-74F7-426F-B424-823EE4181168}"
EndProject
Project("{FAE04EC0-301F-11D3-BF4B-00C04F79EFBC}") = "Epam.Task2.SumOfNumbers", "Epam.Task2.SumOfNumbers\Epam.Task2.SumOfNumbers.csproj", "{E10DE815-2663-4AB3-9630-ABCA4EF7F738}"
EndProject
Project("{FAE04EC0-301F-11D3-BF4B-00C04F79EFBC}") = "Epam.Task2.FontAdjustment", "Epam.Task2.FontAdjustment\Epam.Task2.FontAdjustment.csproj", "{4866B0FC-D9F4-40D8-B455-3C0C754FD17F}"
EndProject
Project("{FAE04EC0-301F-11D3-BF4B-00C04F79EFBC}") = "Epam.Task2.ArrayProcessing", "Epam.Task2.ArrayProcessing\Epam.Task2.ArrayProcessing.csproj", "{E975B8F9-904E-4BA9-B32D-21255BA5FABE}"
EndProject
Project("{FAE04EC0-301F-11D3-BF4B-00C04F79EFBC}") = "Epam.Task2.NoPositive", "Epam.Task2.NoPositive\Epam.Task2.NoPositive.csproj", "{360DE51D-1A00-4C2F-885E-6D29C2D38B82}"
EndProject
Project("{FAE04EC0-301F-11D3-BF4B-00C04F79EFBC}") = "Epam.Task2.NonNegativeSum", "Epam.Task2.NonNegativeSum\Epam.Task2.NonNegativeSum.csproj", "{7E4BBF8D-DA30-4C83-A46A-C16EB0F54A2F}"
EndProject
Project("{FAE04EC0-301F-11D3-BF4B-00C04F79EFBC}") = "Epam.Task2.2DArray", "Epam.Task2.2DArray\Epam.Task2.2DArray.csproj", "{6EB9AEE8-4A8F-4A09-93B8-4BFF83E95CA0}"
EndProject
Project("{FAE04EC0-301F-11D3-BF4B-00C04F79EFBC}") = "Epam.Task2.AverageStringLength", "Epam.Task2.AverageStringLength\Epam.Task2.AverageStringLength.csproj", "{95BCDC8C-0312-4CB6-9E1B-0A4DF8C8680E}"
EndProject
Project("{FAE04EC0-301F-11D3-BF4B-00C04F79EFBC}") = "CharDoubler", "CharDoubler\CharDoubler.csproj", "{2BE67DDA-A10D-439D-9736-C7F7C8B3CE31}"
EndProject
Global
	GlobalSection(SolutionConfigurationPlatforms) = preSolution
		Debug|Any CPU = Debug|Any CPU
		Debug|x64 = Debug|x64
		Debug|x86 = Debug|x86
		Release|Any CPU = Release|Any CPU
		Release|x64 = Release|x64
		Release|x86 = Release|x86
	EndGlobalSection
	GlobalSection(ProjectConfigurationPlatforms) = postSolution
		{2B8D8D03-94B7-4D6E-BE5F-671B9DE04AFB}.Debug|Any CPU.ActiveCfg = Debug|Any CPU
		{2B8D8D03-94B7-4D6E-BE5F-671B9DE04AFB}.Debug|Any CPU.Build.0 = Debug|Any CPU
		{2B8D8D03-94B7-4D6E-BE5F-671B9DE04AFB}.Debug|x64.ActiveCfg = Debug|Any CPU
		{2B8D8D03-94B7-4D6E-BE5F-671B9DE04AFB}.Debug|x64.Build.0 = Debug|Any CPU
		{2B8D8D03-94B7-4D6E-BE5F-671B9DE04AFB}.Debug|x86.ActiveCfg = Debug|Any CPU
		{2B8D8D03-94B7-4D6E-BE5F-671B9DE04AFB}.Debug|x86.Build.0 = Debug|Any CPU
		{2B8D8D03-94B7-4D6E-BE5F-671B9DE04AFB}.Release|Any CPU.ActiveCfg = Release|Any CPU
		{2B8D8D03-94B7-4D6E-BE5F-671B9DE04AFB}.Release|Any CPU.Build.0 = Release|Any CPU
		{2B8D8D03-94B7-4D6E-BE5F-671B9DE04AFB}.Release|x64.ActiveCfg = Release|Any CPU
		{2B8D8D03-94B7-4D6E-BE5F-671B9DE04AFB}.Release|x64.Build.0 = Release|Any CPU
		{2B8D8D03-94B7-4D6E-BE5F-671B9DE04AFB}.Release|x86.ActiveCfg = Release|Any CPU
		{2B8D8D03-94B7-4D6E-BE5F-671B9DE04AFB}.Release|x86.Build.0 = Release|Any CPU
		{60D54FD8-2F34-452D-8955-9B54A8C40E8F}.Debug|Any CPU.ActiveCfg = Debug|Any CPU
		{60D54FD8-2F34-452D-8955-9B54A8C40E8F}.Debug|Any CPU.Build.0 = Debug|Any CPU
		{60D54FD8-2F34-452D-8955-9B54A8C40E8F}.Debug|x64.ActiveCfg = Debug|Any CPU
		{60D54FD8-2F34-452D-8955-9B54A8C40E8F}.Debug|x64.Build.0 = Debug|Any CPU
		{60D54FD8-2F34-452D-8955-9B54A8C40E8F}.Debug|x86.ActiveCfg = Debug|Any CPU
		{60D54FD8-2F34-452D-8955-9B54A8C40E8F}.Debug|x86.Build.0 = Debug|Any CPU
		{60D54FD8-2F34-452D-8955-9B54A8C40E8F}.Release|Any CPU.ActiveCfg = Release|Any CPU
		{60D54FD8-2F34-452D-8955-9B54A8C40E8F}.Release|Any CPU.Build.0 = Release|Any CPU
		{60D54FD8-2F34-452D-8955-9B54A8C40E8F}.Release|x64.ActiveCfg = Release|Any CPU
		{60D54FD8-2F34-452D-8955-9B54A8C40E8F}.Release|x64.Build.0 = Release|Any CPU
		{60D54FD8-2F34-452D-8955-9B54A8C40E8F}.Release|x86.ActiveCfg = Release|Any CPU
		{60D54FD8-2F34-452D-8955-9B54A8C40E8F}.Release|x86.Build.0 = Release|Any CPU
		{C6E7EA0C-9654-444F-9FD4-2A9E358184CA}.Debug|Any CPU.ActiveCfg = Debug|Any CPU
		{C6E7EA0C-9654-444F-9FD4-2A9E358184CA}.Debug|Any CPU.Build.0 = Debug|Any CPU
		{C6E7EA0C-9654-444F-9FD4-2A9E358184CA}.Debug|x64.ActiveCfg = Debug|Any CPU
		{C6E7EA0C-9654-444F-9FD4-2A9E358184CA}.Debug|x64.Build.0 = Debug|Any CPU
		{C6E7EA0C-9654-444F-9FD4-2A9E358184CA}.Debug|x86.ActiveCfg = Debug|Any CPU
		{C6E7EA0C-9654-444F-9FD4-2A9E358184CA}.Debug|x86.Build.0 = Debug|Any CPU
		{C6E7EA0C-9654-444F-9FD4-2A9E358184CA}.Release|Any CPU.ActiveCfg = Release|Any CPU
		{C6E7EA0C-9654-444F-9FD4-2A9E358184CA}.Release|Any CPU.Build.0 = Release|Any CPU
		{C6E7EA0C-9654-444F-9FD4-2A9E358184CA}.Release|x64.ActiveCfg = Release|Any CPU
		{C6E7EA0C-9654-444F-9FD4-2A9E358184CA}.Release|x64.Build.0 = Release|Any CPU
		{C6E7EA0C-9654-444F-9FD4-2A9E358184CA}.Release|x86.ActiveCfg = Release|Any CPU
		{C6E7EA0C-9654-444F-9FD4-2A9E358184CA}.Release|x86.Build.0 = Release|Any CPU
		{ED4980A7-74F7-426F-B424-823EE4181168}.Debug|Any CPU.ActiveCfg = Debug|Any CPU
		{ED4980A7-74F7-426F-B424-823EE4181168}.Debug|Any CPU.Build.0 = Debug|Any CPU
		{ED4980A7-74F7-426F-B424-823EE4181168}.Debug|x64.ActiveCfg = Debug|Any CPU
		{ED4980A7-74F7-426F-B424-823EE4181168}.Debug|x64.Build.0 = Debug|Any CPU
		{ED4980A7-74F7-426F-B424-823EE4181168}.Debug|x86.ActiveCfg = Debug|Any CPU
		{ED4980A7-74F7-426F-B424-823EE4181168}.Debug|x86.Build.0 = Debug|Any CPU
		{ED4980A7-74F7-426F-B424-823EE4181168}.Release|Any CPU.ActiveCfg = Release|Any CPU
		{ED4980A7-74F7-426F-B424-823EE4181168}.Release|Any CPU.Build.0 = Release|Any CPU
		{ED4980A7-74F7-426F-B424-823EE4181168}.Release|x64.ActiveCfg = Release|Any CPU
		{ED4980A7-74F7-426F-B424-823EE4181168}.Release|x64.Build.0 = Release|Any CPU
		{ED4980A7-74F7-426F-B424-823EE4181168}.Release|x86.ActiveCfg = Release|Any CPU
		{ED4980A7-74F7-426F-B424-823EE4181168}.Release|x86.Build.0 = Release|Any CPU
		{E10DE815-2663-4AB3-9630-ABCA4EF7F738}.Debug|Any CPU.ActiveCfg = Debug|Any CPU
		{E10DE815-2663-4AB3-9630-ABCA4EF7F738}.Debug|Any CPU.Build.0 = Debug|Any CPU
		{E10DE815-2663-4AB3-9630-ABCA4EF7F738}.Debug|x64.ActiveCfg = Debug|Any CPU
		{E10DE815-2663-4AB3-9630-ABCA4EF7F738}.Debug|x64.Build.0 = Debug|Any CPU
		{E10DE815-2663-4AB3-9630-ABCA4EF7F738}.Debug|x86.ActiveCfg = Debug|Any CPU
		{E10DE815-2663-4AB3-9630-ABCA4EF7F738}.Debug|x86.Build.0 = Debug|Any CPU
		{E10DE815-2663-4AB3-9630-ABCA4EF7F738}.Release|Any CPU.ActiveCfg = Release|Any CPU
		{E10DE815-2663-4AB3-9630-ABCA4EF7F738}.Release|Any CPU.Build.0 = Release|Any CPU
		{E10DE815-2663-4AB3-9630-ABCA4EF7F738}.Release|x64.ActiveCfg = Release|Any CPU
		{E10DE815-2663-4AB3-9630-ABCA4EF7F738}.Release|x64.Build.0 = Release|Any CPU
		{E10DE815-2663-4AB3-9630-ABCA4EF7F738}.Release|x86.ActiveCfg = Release|Any CPU
		{E10DE815-2663-4AB3-9630-ABCA4EF7F738}.Release|x86.Build.0 = Release|Any CPU
		{4866B0FC-D9F4-40D8-B455-3C0C754FD17F}.Debug|Any CPU.ActiveCfg = Debug|Any CPU
		{4866B0FC-D9F4-40D8-B455-3C0C754FD17F}.Debug|Any CPU.Build.0 = Debug|Any CPU
		{4866B0FC-D9F4-40D8-B455-3C0C754FD17F}.Debug|x64.ActiveCfg = Debug|Any CPU
		{4866B0FC-D9F4-40D8-B455-3C0C754FD17F}.Debug|x64.Build.0 = Debug|Any CPU
		{4866B0FC-D9F4-40D8-B455-3C0C754FD17F}.Debug|x86.ActiveCfg = Debug|Any CPU
		{4866B0FC-D9F4-40D8-B455-3C0C754FD17F}.Debug|x86.Build.0 = Debug|Any CPU
		{4866B0FC-D9F4-40D8-B455-3C0C754FD17F}.Release|Any CPU.ActiveCfg = Release|Any CPU
		{4866B0FC-D9F4-40D8-B455-3C0C754FD17F}.Release|Any CPU.Build.0 = Release|Any CPU
		{4866B0FC-D9F4-40D8-B455-3C0C754FD17F}.Release|x64.ActiveCfg = Release|Any CPU
		{4866B0FC-D9F4-40D8-B455-3C0C754FD17F}.Release|x64.Build.0 = Release|Any CPU
		{4866B0FC-D9F4-40D8-B455-3C0C754FD17F}.Release|x86.ActiveCfg = Release|Any CPU
		{4866B0FC-D9F4-40D8-B455-3C0C754FD17F}.Release|x86.Build.0 = Release|Any CPU
		{E975B8F9-904E-4BA9-B32D-21255BA5FABE}.Debug|Any CPU.ActiveCfg = Debug|Any CPU
		{E975B8F9-904E-4BA9-B32D-21255BA5FABE}.Debug|Any CPU.Build.0 = Debug|Any CPU
		{E975B8F9-904E-4BA9-B32D-21255BA5FABE}.Debug|x64.ActiveCfg = Debug|Any CPU
		{E975B8F9-904E-4BA9-B32D-21255BA5FABE}.Debug|x64.Build.0 = Debug|Any CPU
		{E975B8F9-904E-4BA9-B32D-21255BA5FABE}.Debug|x86.ActiveCfg = Debug|Any CPU
		{E975B8F9-904E-4BA9-B32D-21255BA5FABE}.Debug|x86.Build.0 = Debug|Any CPU
		{E975B8F9-904E-4BA9-B32D-21255BA5FABE}.Release|Any CPU.ActiveCfg = Release|Any CPU
		{E975B8F9-904E-4BA9-B32D-21255BA5FABE}.Release|Any CPU.Build.0 = Release|Any CPU
		{E975B8F9-904E-4BA9-B32D-21255BA5FABE}.Release|x64.ActiveCfg = Release|Any CPU
		{E975B8F9-904E-4BA9-B32D-21255BA5FABE}.Release|x64.Build.0 = Release|Any CPU
		{E975B8F9-904E-4BA9-B32D-21255BA5FABE}.Release|x86.ActiveCfg = Release|Any CPU
		{E975B8F9-904E-4BA9-B32D-21255BA5FABE}.Release|x86.Build.0 = Release|Any CPU
		{360DE51D-1A00-4C2F-885E-6D29C2D38B82}.Debug|Any CPU.ActiveCfg = Debug|Any CPU
		{360DE51D-1A00-4C2F-885E-6D29C2D38B82}.Debug|Any CPU.Build.0 = Debug|Any CPU
		{360DE51D-1A00-4C2F-885E-6D29C2D38B82}.Debug|x64.ActiveCfg = Debug|Any CPU
		{360DE51D-1A00-4C2F-885E-6D29C2D38B82}.Debug|x64.Build.0 = Debug|Any CPU
		{360DE51D-1A00-4C2F-885E-6D29C2D38B82}.Debug|x86.ActiveCfg = Debug|Any CPU
		{360DE51D-1A00-4C2F-885E-6D29C2D38B82}.Debug|x86.Build.0 = Debug|Any CPU
		{360DE51D-1A00-4C2F-885E-6D29C2D38B82}.Release|Any CPU.ActiveCfg = Release|Any CPU
		{360DE51D-1A00-4C2F-885E-6D29C2D38B82}.Release|Any CPU.Build.0 = Release|Any CPU
		{360DE51D-1A00-4C2F-885E-6D29C2D38B82}.Release|x64.ActiveCfg = Release|Any CPU
		{360DE51D-1A00-4C2F-885E-6D29C2D38B82}.Release|x64.Build.0 = Release|Any CPU
		{360DE51D-1A00-4C2F-885E-6D29C2D38B82}.Release|x86.ActiveCfg = Release|Any CPU
		{360DE51D-1A00-4C2F-885E-6D29C2D38B82}.Release|x86.Build.0 = Release|Any CPU
		{7E4BBF8D-DA30-4C83-A46A-C16EB0F54A2F}.Debug|Any CPU.ActiveCfg = Debug|Any CPU
		{7E4BBF8D-DA30-4C83-A46A-C16EB0F54A2F}.Debug|Any CPU.Build.0 = Debug|Any CPU
		{7E4BBF8D-DA30-4C83-A46A-C16EB0F54A2F}.Debug|x64.ActiveCfg = Debug|Any CPU
		{7E4BBF8D-DA30-4C83-A46A-C16EB0F54A2F}.Debug|x64.Build.0 = Debug|Any CPU
		{7E4BBF8D-DA30-4C83-A46A-C16EB0F54A2F}.Debug|x86.ActiveCfg = Debug|Any CPU
		{7E4BBF8D-DA30-4C83-A46A-C16EB0F54A2F}.Debug|x86.Build.0 = Debug|Any CPU
		{7E4BBF8D-DA30-4C83-A46A-C16EB0F54A2F}.Release|Any CPU.ActiveCfg = Release|Any CPU
		{7E4BBF8D-DA30-4C83-A46A-C16EB0F54A2F}.Release|Any CPU.Build.0 = Release|Any CPU
		{7E4BBF8D-DA30-4C83-A46A-C16EB0F54A2F}.Release|x64.ActiveCfg = Release|Any CPU
		{7E4BBF8D-DA30-4C83-A46A-C16EB0F54A2F}.Release|x64.Build.0 = Release|Any CPU
		{7E4BBF8D-DA30-4C83-A46A-C16EB0F54A2F}.Release|x86.ActiveCfg = Release|Any CPU
		{7E4BBF8D-DA30-4C83-A46A-C16EB0F54A2F}.Release|x86.Build.0 = Release|Any CPU
		{6EB9AEE8-4A8F-4A09-93B8-4BFF83E95CA0}.Debug|Any CPU.ActiveCfg = Debug|Any CPU
		{6EB9AEE8-4A8F-4A09-93B8-4BFF83E95CA0}.Debug|Any CPU.Build.0 = Debug|Any CPU
		{6EB9AEE8-4A8F-4A09-93B8-4BFF83E95CA0}.Debug|x64.ActiveCfg = Debug|Any CPU
		{6EB9AEE8-4A8F-4A09-93B8-4BFF83E95CA0}.Debug|x64.Build.0 = Debug|Any CPU
		{6EB9AEE8-4A8F-4A09-93B8-4BFF83E95CA0}.Debug|x86.ActiveCfg = Debug|Any CPU
		{6EB9AEE8-4A8F-4A09-93B8-4BFF83E95CA0}.Debug|x86.Build.0 = Debug|Any CPU
		{6EB9AEE8-4A8F-4A09-93B8-4BFF83E95CA0}.Release|Any CPU.ActiveCfg = Release|Any CPU
		{6EB9AEE8-4A8F-4A09-93B8-4BFF83E95CA0}.Release|Any CPU.Build.0 = Release|Any CPU
		{6EB9AEE8-4A8F-4A09-93B8-4BFF83E95CA0}.Release|x64.ActiveCfg = Release|Any CPU
		{6EB9AEE8-4A8F-4A09-93B8-4BFF83E95CA0}.Release|x64.Build.0 = Release|Any CPU
		{6EB9AEE8-4A8F-4A09-93B8-4BFF83E95CA0}.Release|x86.ActiveCfg = Release|Any CPU
		{6EB9AEE8-4A8F-4A09-93B8-4BFF83E95CA0}.Release|x86.Build.0 = Release|Any CPU
		{95BCDC8C-0312-4CB6-9E1B-0A4DF8C8680E}.Debug|Any CPU.ActiveCfg = Debug|Any CPU
		{95BCDC8C-0312-4CB6-9E1B-0A4DF8C8680E}.Debug|Any CPU.Build.0 = Debug|Any CPU
		{95BCDC8C-0312-4CB6-9E1B-0A4DF8C8680E}.Debug|x64.ActiveCfg = Debug|Any CPU
		{95BCDC8C-0312-4CB6-9E1B-0A4DF8C8680E}.Debug|x64.Build.0 = Debug|Any CPU
		{95BCDC8C-0312-4CB6-9E1B-0A4DF8C8680E}.Debug|x86.ActiveCfg = Debug|Any CPU
		{95BCDC8C-0312-4CB6-9E1B-0A4DF8C8680E}.Debug|x86.Build.0 = Debug|Any CPU
		{95BCDC8C-0312-4CB6-9E1B-0A4DF8C8680E}.Release|Any CPU.ActiveCfg = Release|Any CPU
		{95BCDC8C-0312-4CB6-9E1B-0A4DF8C8680E}.Release|Any CPU.Build.0 = Release|Any CPU
		{95BCDC8C-0312-4CB6-9E1B-0A4DF8C8680E}.Release|x64.ActiveCfg = Release|Any CPU
		{95BCDC8C-0312-4CB6-9E1B-0A4DF8C8680E}.Release|x64.Build.0 = Release|Any CPU
		{95BCDC8C-0312-4CB6-9E1B-0A4DF8C8680E}.Release|x86.ActiveCfg = Release|Any CPU
		{95BCDC8C-0312-4CB6-9E1B-0A4DF8C8680E}.Release|x86.Build.0 = Release|Any CPU
		{2BE67DDA-A10D-439D-9736-C7F7C8B3CE31}.Debug|Any CPU.ActiveCfg = Debug|Any CPU
		{2BE67DDA-A10D-439D-9736-C7F7C8B3CE31}.Debug|Any CPU.Build.0 = Debug|Any CPU
		{2BE67DDA-A10D-439D-9736-C7F7C8B3CE31}.Debug|x64.ActiveCfg = Debug|Any CPU
		{2BE67DDA-A10D-439D-9736-C7F7C8B3CE31}.Debug|x64.Build.0 = Debug|Any CPU
		{2BE67DDA-A10D-439D-9736-C7F7C8B3CE31}.Debug|x86.ActiveCfg = Debug|Any CPU
		{2BE67DDA-A10D-439D-9736-C7F7C8B3CE31}.Debug|x86.Build.0 = Debug|Any CPU
		{2BE67DDA-A10D-439D-9736-C7F7C8B3CE31}.Release|Any CPU.ActiveCfg = Release|Any CPU
		{2BE67DDA-A10D-439D-9736-C7F7C8B3CE31}.Release|Any CPU.Build.0 = Release|Any CPU
		{2BE67DDA-A10D-439D-9736-C7F7C8B3CE31}.Release|x64.ActiveCfg = Release|Any CPU
		{2BE67DDA-A10D-439D-9736-C7F7C8B3CE31}.Release|x64.Build.0 = Release|Any CPU
		{2BE67DDA-A10D-439D-9736-C7F7C8B3CE31}.Release|x86.ActiveCfg = Release|Any CPU
		{2BE67DDA-A10D-439D-9736-C7F7C8B3CE31}.Release|x86.Build.0 = Release|Any CPU
	EndGlobalSection
	GlobalSection(SolutionProperties) = preSolution
		HideSolutionNode = FALSE
	EndGlobalSection
	GlobalSection(ExtensibilityGlobals) = postSolution
		SolutionGuid = {B04DA7C5-4281-4EF6-8018-7011962C6F1D}
	EndGlobalSection
EndGlobal
