
Microsoft Visual Studio Solution File, Format Version 12.00
# Visual Studio 15
VisualStudioVersion = 15.0.28307.168
MinimumVisualStudioVersion = 10.0.40219.1
Project("{FAE04EC0-301F-11D3-BF4B-00C04F79EFBC}") = "Epam.Task11.WebUI", "Epam.Task11.WebUI\Epam.Task11.WebUI.csproj", "{2996F9C7-B996-48A4-BC40-3634E7A94D90}"
EndProject
Global
	GlobalSection(SolutionConfigurationPlatforms) = preSolution
		Debug|Any CPU = Debug|Any CPU
		Release|Any CPU = Release|Any CPU
	EndGlobalSection
	GlobalSection(ProjectConfigurationPlatforms) = postSolution
		{2996F9C7-B996-48A4-BC40-3634E7A94D90}.Debug|Any CPU.ActiveCfg = Debug|Any CPU
		{2996F9C7-B996-48A4-BC40-3634E7A94D90}.Debug|Any CPU.Build.0 = Debug|Any CPU
		{2996F9C7-B996-48A4-BC40-3634E7A94D90}.Release|Any CPU.ActiveCfg = Release|Any CPU
		{2996F9C7-B996-48A4-BC40-3634E7A94D90}.Release|Any CPU.Build.0 = Release|Any CPU
	EndGlobalSection
	GlobalSection(SolutionProperties) = preSolution
		HideSolutionNode = FALSE
	EndGlobalSection
	GlobalSection(ExtensibilityGlobals) = postSolution
		SolutionGuid = {6DCC7420-ADBB-448D-8073-B92FB7A8B3A7}
	EndGlobalSection
EndGlobal
