
Microsoft Visual Studio Solution File, Format Version 12.00
# Visual Studio 15
VisualStudioVersion = 15.0.28307.168
MinimumVisualStudioVersion = 10.0.40219.1
Project("{2150E333-8FDC-42A3-9474-1A3956D46DE8}") = "BLL", "BLL", "{63107C1F-E587-42A1-8D73-31BF8BECC0E8}"
EndProject
Project("{2150E333-8FDC-42A3-9474-1A3956D46DE8}") = "DAL", "DAL", "{BD9D5113-E7AF-4C5F-84C7-EB13CF7AAD91}"
EndProject
Project("{2150E333-8FDC-42A3-9474-1A3956D46DE8}") = "PL", "PL", "{963ADC5C-AB8F-47FF-99C3-6925A0B2A037}"
EndProject
Project("{FAE04EC0-301F-11D3-BF4B-00C04F79EFBC}") = "Epam.Task7.DAL", "Epam.Task7.DAL\Epam.Task7.DAL.csproj", "{57610AC3-C837-4176-AC66-9D67CDCE669F}"
EndProject
Project("{FAE04EC0-301F-11D3-BF4B-00C04F79EFBC}") = "Epam.Task7.BLL", "Epam.Task7.BLL\Epam.Task7.BLL.csproj", "{B262F34B-C0EA-4E96-8B3F-6A5FFF3A83E4}"
EndProject
Project("{FAE04EC0-301F-11D3-BF4B-00C04F79EFBC}") = "Epam.Task7.PL", "Epam.Task7.PL\Epam.Task7.PL.csproj", "{1DAE1916-7029-4407-8B26-E11CF824922D}"
EndProject
Project("{FAE04EC0-301F-11D3-BF4B-00C04F79EFBC}") = "Epam.Task7.BLL.Interfaces", "Epam.Task7.BLL.Interfaces\Epam.Task7.BLL.Interfaces.csproj", "{C0542827-2F90-4D61-90AE-46ACEB8DF99A}"
EndProject
Project("{2150E333-8FDC-42A3-9474-1A3956D46DE8}") = "Common", "Common", "{4594C9CB-E41F-4114-B6AA-129A3984EE6A}"
EndProject
Project("{FAE04EC0-301F-11D3-BF4B-00C04F79EFBC}") = "Epam.Task7.Entities", "Epam.Task7.Entities\Epam.Task7.Entities.csproj", "{66716E8D-3C8F-4EF4-BA38-EF123D12219A}"
EndProject
Project("{FAE04EC0-301F-11D3-BF4B-00C04F79EFBC}") = "Epam.Task7.DAL.Interfaces", "Epam.Task7.DAL.Interfaces\Epam.Task7.DAL.Interfaces.csproj", "{3AA32476-EA63-4DB4-B6F5-102571B03A8F}"
EndProject
Project("{FAE04EC0-301F-11D3-BF4B-00C04F79EFBC}") = "Epam.Task7.Common", "Epam.Task7.Common\Epam.Task7.Common.csproj", "{465B4FF7-0711-4047-95EF-416C9D944B0E}"
EndProject
Global
	GlobalSection(SolutionConfigurationPlatforms) = preSolution
		Debug|Any CPU = Debug|Any CPU
		Release|Any CPU = Release|Any CPU
	EndGlobalSection
	GlobalSection(ProjectConfigurationPlatforms) = postSolution
		{57610AC3-C837-4176-AC66-9D67CDCE669F}.Debug|Any CPU.ActiveCfg = Debug|Any CPU
		{57610AC3-C837-4176-AC66-9D67CDCE669F}.Debug|Any CPU.Build.0 = Debug|Any CPU
		{57610AC3-C837-4176-AC66-9D67CDCE669F}.Release|Any CPU.ActiveCfg = Release|Any CPU
		{57610AC3-C837-4176-AC66-9D67CDCE669F}.Release|Any CPU.Build.0 = Release|Any CPU
		{B262F34B-C0EA-4E96-8B3F-6A5FFF3A83E4}.Debug|Any CPU.ActiveCfg = Debug|Any CPU
		{B262F34B-C0EA-4E96-8B3F-6A5FFF3A83E4}.Debug|Any CPU.Build.0 = Debug|Any CPU
		{B262F34B-C0EA-4E96-8B3F-6A5FFF3A83E4}.Release|Any CPU.ActiveCfg = Release|Any CPU
		{B262F34B-C0EA-4E96-8B3F-6A5FFF3A83E4}.Release|Any CPU.Build.0 = Release|Any CPU
		{1DAE1916-7029-4407-8B26-E11CF824922D}.Debug|Any CPU.ActiveCfg = Debug|Any CPU
		{1DAE1916-7029-4407-8B26-E11CF824922D}.Debug|Any CPU.Build.0 = Debug|Any CPU
		{1DAE1916-7029-4407-8B26-E11CF824922D}.Release|Any CPU.ActiveCfg = Release|Any CPU
		{1DAE1916-7029-4407-8B26-E11CF824922D}.Release|Any CPU.Build.0 = Release|Any CPU
		{C0542827-2F90-4D61-90AE-46ACEB8DF99A}.Debug|Any CPU.ActiveCfg = Debug|Any CPU
		{C0542827-2F90-4D61-90AE-46ACEB8DF99A}.Debug|Any CPU.Build.0 = Debug|Any CPU
		{C0542827-2F90-4D61-90AE-46ACEB8DF99A}.Release|Any CPU.ActiveCfg = Release|Any CPU
		{C0542827-2F90-4D61-90AE-46ACEB8DF99A}.Release|Any CPU.Build.0 = Release|Any CPU
		{66716E8D-3C8F-4EF4-BA38-EF123D12219A}.Debug|Any CPU.ActiveCfg = Debug|Any CPU
		{66716E8D-3C8F-4EF4-BA38-EF123D12219A}.Debug|Any CPU.Build.0 = Debug|Any CPU
		{66716E8D-3C8F-4EF4-BA38-EF123D12219A}.Release|Any CPU.ActiveCfg = Release|Any CPU
		{66716E8D-3C8F-4EF4-BA38-EF123D12219A}.Release|Any CPU.Build.0 = Release|Any CPU
		{3AA32476-EA63-4DB4-B6F5-102571B03A8F}.Debug|Any CPU.ActiveCfg = Debug|Any CPU
		{3AA32476-EA63-4DB4-B6F5-102571B03A8F}.Debug|Any CPU.Build.0 = Debug|Any CPU
		{3AA32476-EA63-4DB4-B6F5-102571B03A8F}.Release|Any CPU.ActiveCfg = Release|Any CPU
		{3AA32476-EA63-4DB4-B6F5-102571B03A8F}.Release|Any CPU.Build.0 = Release|Any CPU
		{465B4FF7-0711-4047-95EF-416C9D944B0E}.Debug|Any CPU.ActiveCfg = Debug|Any CPU
		{465B4FF7-0711-4047-95EF-416C9D944B0E}.Debug|Any CPU.Build.0 = Debug|Any CPU
		{465B4FF7-0711-4047-95EF-416C9D944B0E}.Release|Any CPU.ActiveCfg = Release|Any CPU
		{465B4FF7-0711-4047-95EF-416C9D944B0E}.Release|Any CPU.Build.0 = Release|Any CPU
	EndGlobalSection
	GlobalSection(SolutionProperties) = preSolution
		HideSolutionNode = FALSE
	EndGlobalSection
	GlobalSection(NestedProjects) = preSolution
		{57610AC3-C837-4176-AC66-9D67CDCE669F} = {BD9D5113-E7AF-4C5F-84C7-EB13CF7AAD91}
		{B262F34B-C0EA-4E96-8B3F-6A5FFF3A83E4} = {63107C1F-E587-42A1-8D73-31BF8BECC0E8}
		{1DAE1916-7029-4407-8B26-E11CF824922D} = {963ADC5C-AB8F-47FF-99C3-6925A0B2A037}
		{C0542827-2F90-4D61-90AE-46ACEB8DF99A} = {63107C1F-E587-42A1-8D73-31BF8BECC0E8}
		{66716E8D-3C8F-4EF4-BA38-EF123D12219A} = {4594C9CB-E41F-4114-B6AA-129A3984EE6A}
		{3AA32476-EA63-4DB4-B6F5-102571B03A8F} = {BD9D5113-E7AF-4C5F-84C7-EB13CF7AAD91}
		{465B4FF7-0711-4047-95EF-416C9D944B0E} = {4594C9CB-E41F-4114-B6AA-129A3984EE6A}
	EndGlobalSection
	GlobalSection(ExtensibilityGlobals) = postSolution
		SolutionGuid = {0B54B893-B70A-43BC-AFA4-6231C908EBC5}
	EndGlobalSection
EndGlobal
