
Microsoft Visual Studio Solution File, Format Version 12.00
# Visual Studio 15
VisualStudioVersion = 15.0.28010.2046
MinimumVisualStudioVersion = 10.0.40219.1
Project("{FAE04EC0-301F-11D3-BF4B-00C04F79EFBC}") = "Epam.Task5.CustomSort", "Epam.Task5.CustomSort\Epam.Task5.CustomSort.csproj", "{7E63EEF2-143A-4EA0-9967-E666ACAD0B97}"
EndProject
Project("{FAE04EC0-301F-11D3-BF4B-00C04F79EFBC}") = "Epam.Task5.CustomSortDemo", "Epam.Task5.CustomSortDemo\Epam.Task5.CustomSortDemo.csproj", "{2CED2EF1-560F-407B-8D94-28B12D1560A0}"
EndProject
Project("{FAE04EC0-301F-11D3-BF4B-00C04F79EFBC}") = "Epam.Task5.SortingUnit", "Epam.Task5.SortingUnit\Epam.Task5.SortingUnit.csproj", "{4A185DF0-8227-417F-9AF6-505526199BDD}"
EndProject
Project("{FAE04EC0-301F-11D3-BF4B-00C04F79EFBC}") = "Epam.Task5.NumberArraySum", "Epam.Task5.NumberArraySum\Epam.Task5.NumberArraySum.csproj", "{B1151FD8-7C8C-47F5-BE2C-7615B629EBB9}"
EndProject
Project("{FAE04EC0-301F-11D3-BF4B-00C04F79EFBC}") = "Epam.Task5.ISeekYou", "Epam.Task5.ISeekYou\Epam.Task5.ISeekYou.csproj", "{AD0549CE-9E95-4065-B95C-BB795E47792D}"
EndProject
Project("{FAE04EC0-301F-11D3-BF4B-00C04F79EFBC}") = "Epam.Task5.ToIntOrNotToInt", "Epam.Task5.ToIntOrNotToInt\Epam.Task5.ToIntOrNotToInt.csproj", "{F2D50B11-9082-4A59-9AB7-5541E305C9A8}"
EndProject
Global
	GlobalSection(SolutionConfigurationPlatforms) = preSolution
		Debug|Any CPU = Debug|Any CPU
		Release|Any CPU = Release|Any CPU
	EndGlobalSection
	GlobalSection(ProjectConfigurationPlatforms) = postSolution
		{7E63EEF2-143A-4EA0-9967-E666ACAD0B97}.Debug|Any CPU.ActiveCfg = Debug|Any CPU
		{7E63EEF2-143A-4EA0-9967-E666ACAD0B97}.Debug|Any CPU.Build.0 = Debug|Any CPU
		{7E63EEF2-143A-4EA0-9967-E666ACAD0B97}.Release|Any CPU.ActiveCfg = Release|Any CPU
		{7E63EEF2-143A-4EA0-9967-E666ACAD0B97}.Release|Any CPU.Build.0 = Release|Any CPU
		{2CED2EF1-560F-407B-8D94-28B12D1560A0}.Debug|Any CPU.ActiveCfg = Debug|Any CPU
		{2CED2EF1-560F-407B-8D94-28B12D1560A0}.Debug|Any CPU.Build.0 = Debug|Any CPU
		{2CED2EF1-560F-407B-8D94-28B12D1560A0}.Release|Any CPU.ActiveCfg = Release|Any CPU
		{2CED2EF1-560F-407B-8D94-28B12D1560A0}.Release|Any CPU.Build.0 = Release|Any CPU
		{4A185DF0-8227-417F-9AF6-505526199BDD}.Debug|Any CPU.ActiveCfg = Debug|Any CPU
		{4A185DF0-8227-417F-9AF6-505526199BDD}.Debug|Any CPU.Build.0 = Debug|Any CPU
		{4A185DF0-8227-417F-9AF6-505526199BDD}.Release|Any CPU.ActiveCfg = Release|Any CPU
		{4A185DF0-8227-417F-9AF6-505526199BDD}.Release|Any CPU.Build.0 = Release|Any CPU
		{B1151FD8-7C8C-47F5-BE2C-7615B629EBB9}.Debug|Any CPU.ActiveCfg = Debug|Any CPU
		{B1151FD8-7C8C-47F5-BE2C-7615B629EBB9}.Debug|Any CPU.Build.0 = Debug|Any CPU
		{B1151FD8-7C8C-47F5-BE2C-7615B629EBB9}.Release|Any CPU.ActiveCfg = Release|Any CPU
		{B1151FD8-7C8C-47F5-BE2C-7615B629EBB9}.Release|Any CPU.Build.0 = Release|Any CPU
		{AD0549CE-9E95-4065-B95C-BB795E47792D}.Debug|Any CPU.ActiveCfg = Debug|Any CPU
		{AD0549CE-9E95-4065-B95C-BB795E47792D}.Debug|Any CPU.Build.0 = Debug|Any CPU
		{AD0549CE-9E95-4065-B95C-BB795E47792D}.Release|Any CPU.ActiveCfg = Release|Any CPU
		{AD0549CE-9E95-4065-B95C-BB795E47792D}.Release|Any CPU.Build.0 = Release|Any CPU
		{F2D50B11-9082-4A59-9AB7-5541E305C9A8}.Debug|Any CPU.ActiveCfg = Debug|Any CPU
		{F2D50B11-9082-4A59-9AB7-5541E305C9A8}.Debug|Any CPU.Build.0 = Debug|Any CPU
		{F2D50B11-9082-4A59-9AB7-5541E305C9A8}.Release|Any CPU.ActiveCfg = Release|Any CPU
		{F2D50B11-9082-4A59-9AB7-5541E305C9A8}.Release|Any CPU.Build.0 = Release|Any CPU
	EndGlobalSection
	GlobalSection(SolutionProperties) = preSolution
		HideSolutionNode = FALSE
	EndGlobalSection
	GlobalSection(ExtensibilityGlobals) = postSolution
		SolutionGuid = {372AFD33-63F7-4296-9B6B-B0CA046FD821}
	EndGlobalSection
EndGlobal
